
Microsoft Visual Studio Solution File, Format Version 12.00
# Visual Studio Version 16
VisualStudioVersion = 16.0.30717.126
MinimumVisualStudioVersion = 10.0.40219.1
Project("{9A19103F-16F7-4668-BE54-9A1E7A4F7556}") = "SabinIO.xEvent.App", "SabinIO.xEvent.App\SabinIO.xEvent.App.csproj", "{E38A82EF-D2F5-49A7-8841-4C57722224B3}"
EndProject
Project("{9A19103F-16F7-4668-BE54-9A1E7A4F7556}") = "SabinIO.SqlTest", "SabinIO.SqlTest\SabinIO.SqlTest.csproj", "{7A14BF89-74E9-4D6E-8B39-A4B328E681B5}"
EndProject
Project("{9A19103F-16F7-4668-BE54-9A1E7A4F7556}") = "SabinIO.xEvent.Lib.Tests", "SabinIO.xEvent.Lib.Tests\SabinIO.xEvent.Lib.Tests.csproj", "{66BC7A3F-A5E7-4A87-91FB-18F6389D00B2}"
EndProject
Project("{9A19103F-16F7-4668-BE54-9A1E7A4F7556}") = "SabinIO.xEvent.Lib", "SabinIO.xEvent.Lib\SabinIO.xEvent.Lib.csproj", "{D83FE45E-133B-4739-B05D-90AE6DEEEB2E}"
EndProject
Project("{9A19103F-16F7-4668-BE54-9A1E7A4F7556}") = "SabinIO.xEvent.App.Tests", "SabinIO.xEvent.App.Tests\SabinIO.xEvent.App.Tests.csproj", "{69F5131F-365F-4922-862F-F981C6875239}"
EndProject
Project("{9A19103F-16F7-4668-BE54-9A1E7A4F7556}") = "SabinIO.SqlTest.Tests", "SabinIO.SqlTest.Tests\SabinIO.SqlTest.Tests.csproj", "{14DDA275-6104-4742-A9C0-F07C7E2A7260}"
EndProject
Project("{2150E333-8FDC-42A3-9474-1A3956D46DE8}") = "Solution Items", "Solution Items", "{D8099C3D-691E-4901-911E-2FCF245BAB76}"
	ProjectSection(SolutionItems) = preProject
		..\Readme.md = ..\Readme.md
	EndProjectSection
EndProject
Global
	GlobalSection(SolutionConfigurationPlatforms) = preSolution
		Debug|Any CPU = Debug|Any CPU
		Release|Any CPU = Release|Any CPU
	EndGlobalSection
	GlobalSection(ProjectConfigurationPlatforms) = postSolution
		{E38A82EF-D2F5-49A7-8841-4C57722224B3}.Debug|Any CPU.ActiveCfg = Debug|Any CPU
		{E38A82EF-D2F5-49A7-8841-4C57722224B3}.Debug|Any CPU.Build.0 = Debug|Any CPU
		{E38A82EF-D2F5-49A7-8841-4C57722224B3}.Release|Any CPU.ActiveCfg = Release|Any CPU
		{E38A82EF-D2F5-49A7-8841-4C57722224B3}.Release|Any CPU.Build.0 = Release|Any CPU
		{7A14BF89-74E9-4D6E-8B39-A4B328E681B5}.Debug|Any CPU.ActiveCfg = Debug|Any CPU
		{7A14BF89-74E9-4D6E-8B39-A4B328E681B5}.Debug|Any CPU.Build.0 = Debug|Any CPU
		{7A14BF89-74E9-4D6E-8B39-A4B328E681B5}.Release|Any CPU.ActiveCfg = Release|Any CPU
		{7A14BF89-74E9-4D6E-8B39-A4B328E681B5}.Release|Any CPU.Build.0 = Release|Any CPU
		{66BC7A3F-A5E7-4A87-91FB-18F6389D00B2}.Debug|Any CPU.ActiveCfg = Debug|Any CPU
		{66BC7A3F-A5E7-4A87-91FB-18F6389D00B2}.Debug|Any CPU.Build.0 = Debug|Any CPU
		{66BC7A3F-A5E7-4A87-91FB-18F6389D00B2}.Release|Any CPU.ActiveCfg = Release|Any CPU
		{66BC7A3F-A5E7-4A87-91FB-18F6389D00B2}.Release|Any CPU.Build.0 = Release|Any CPU
		{D83FE45E-133B-4739-B05D-90AE6DEEEB2E}.Debug|Any CPU.ActiveCfg = Debug|Any CPU
		{D83FE45E-133B-4739-B05D-90AE6DEEEB2E}.Debug|Any CPU.Build.0 = Debug|Any CPU
		{D83FE45E-133B-4739-B05D-90AE6DEEEB2E}.Release|Any CPU.ActiveCfg = Release|Any CPU
		{D83FE45E-133B-4739-B05D-90AE6DEEEB2E}.Release|Any CPU.Build.0 = Release|Any CPU
		{69F5131F-365F-4922-862F-F981C6875239}.Debug|Any CPU.ActiveCfg = Debug|Any CPU
		{69F5131F-365F-4922-862F-F981C6875239}.Debug|Any CPU.Build.0 = Debug|Any CPU
		{69F5131F-365F-4922-862F-F981C6875239}.Release|Any CPU.ActiveCfg = Release|Any CPU
		{69F5131F-365F-4922-862F-F981C6875239}.Release|Any CPU.Build.0 = Release|Any CPU
		{14DDA275-6104-4742-A9C0-F07C7E2A7260}.Debug|Any CPU.ActiveCfg = Debug|Any CPU
		{14DDA275-6104-4742-A9C0-F07C7E2A7260}.Debug|Any CPU.Build.0 = Debug|Any CPU
		{14DDA275-6104-4742-A9C0-F07C7E2A7260}.Release|Any CPU.ActiveCfg = Release|Any CPU
		{14DDA275-6104-4742-A9C0-F07C7E2A7260}.Release|Any CPU.Build.0 = Release|Any CPU
	EndGlobalSection
	GlobalSection(SolutionProperties) = preSolution
		HideSolutionNode = FALSE
	EndGlobalSection
	GlobalSection(ExtensibilityGlobals) = postSolution
		SolutionGuid = {93FC8089-8B9C-4C62-A060-E39835B1D29C}
	EndGlobalSection
EndGlobal
