
Microsoft Visual Studio Solution File, Format Version 12.00
# Visual Studio Version 16
VisualStudioVersion = 16.0.30717.126
MinimumVisualStudioVersion = 10.0.40219.1
Project("{9A19103F-16F7-4668-BE54-9A1E7A4F7556}") = "SabinIO.xEvent.App", "SabinIO.xEvent.App\SabinIO.xEvent.App.csproj", "{E38A82EF-D2F5-49A7-8841-4C57722224B3}"
EndProject
Project("{9A19103F-16F7-4668-BE54-9A1E7A4F7556}") = "SabinIO.SqlTest", "SabinIO.SqlTest\SabinIO.SqlTest.csproj", "{7A14BF89-74E9-4D6E-8B39-A4B328E681B5}"
EndProject
Project("{9A19103F-16F7-4668-BE54-9A1E7A4F7556}") = "SabinIO.xEvent.Lib.Tests", "SabinIO.xEvent.Lib.Tests\SabinIO.xEvent.Lib.Tests.csproj", "{66BC7A3F-A5E7-4A87-91FB-18F6389D00B2}"
EndProject
Project("{9A19103F-16F7-4668-BE54-9A1E7A4F7556}") = "SabinIO.xEvent.Lib", "SabinIO.xEvent.Lib\SabinIO.xEvent.Lib.csproj", "{D83FE45E-133B-4739-B05D-90AE6DEEEB2E}"
EndProject
Project("{9A19103F-16F7-4668-BE54-9A1E7A4F7556}") = "SabinIO.xEvent.App.Tests", "SabinIO.xEvent.App.Tests\SabinIO.xEvent.App.Tests.csproj", "{69F5131F-365F-4922-862F-F981C6875239}"
EndProject
Project("{9A19103F-16F7-4668-BE54-9A1E7A4F7556}") = "SabinIO.SqlTest.Tests", "SabinIO.SqlTest.Tests\SabinIO.SqlTest.Tests.csproj", "{14DDA275-6104-4742-A9C0-F07C7E2A7260}"
EndProject
Project("{2150E333-8FDC-42A3-9474-1A3956D46DE8}") = "Solution Items", "Solution Items", "{D8099C3D-691E-4901-911E-2FCF245BAB76}"
	ProjectSection(SolutionItems) = preProject
		..\azure-pipelines.yml = ..\azure-pipelines.yml
		..\Readme.md = ..\Readme.md
		test.runsettings = test.runsettings
	EndProjectSection
EndProject
Project("{9A19103F-16F7-4668-BE54-9A1E7A4F7556}") = "SabinIO.Sql", "SabinIO.Sql.Parse\SabinIO.Sql.csproj", "{2620BD14-D898-4110-8A86-88F06B756991}"
EndProject
Project("{9A19103F-16F7-4668-BE54-9A1E7A4F7556}") = "SabinIO.Sql.Tests", "SabinIO.Sql.Parse.Tests\SabinIO.Sql.Tests.csproj", "{0B3384DA-4481-4A84-8AED-CD3E7687AF51}"
EndProject
Project("{9A19103F-16F7-4668-BE54-9A1E7A4F7556}") = "SabinIO.Sql.NUnitAssert", "SabinIO.Sql.Assert\SabinIO.Sql.NUnitAssert.csproj", "{C6F8AE6A-5F4D-4D92-8AC2-E7BF662BBF16}"
EndProject
Project("{9A19103F-16F7-4668-BE54-9A1E7A4F7556}") = "SabinIO.Sql.NUnitAssert.Tests", "SabinIO.Sql.Assert.Tests\SabinIO.Sql.NUnitAssert.Tests.csproj", "{907C923B-0088-40F7-B4C2-6671CCFED10D}"
EndProject
Project("{2150E333-8FDC-42A3-9474-1A3956D46DE8}") = "Sql", "Sql", "{A2AFA5BE-152C-41F3-9142-23599E55950C}"
EndProject
Project("{2150E333-8FDC-42A3-9474-1A3956D46DE8}") = "NUnitAssert", "NUnitAssert", "{D39A3D7D-EB6D-42B9-822F-BBD6504B6668}"
EndProject
Project("{2150E333-8FDC-42A3-9474-1A3956D46DE8}") = "SqlTest", "SqlTest", "{752599DB-4617-41BE-9730-0F5A46749A27}"
EndProject
Project("{2150E333-8FDC-42A3-9474-1A3956D46DE8}") = "xEvent", "xEvent", "{20F1C3DF-1308-482C-A232-37593FC30519}"
EndProject
Global
	GlobalSection(SolutionConfigurationPlatforms) = preSolution
		Debug|Any CPU = Debug|Any CPU
		Release|Any CPU = Release|Any CPU
	EndGlobalSection
	GlobalSection(ProjectConfigurationPlatforms) = postSolution
		{E38A82EF-D2F5-49A7-8841-4C57722224B3}.Debug|Any CPU.ActiveCfg = Debug|Any CPU
		{E38A82EF-D2F5-49A7-8841-4C57722224B3}.Debug|Any CPU.Build.0 = Debug|Any CPU
		{E38A82EF-D2F5-49A7-8841-4C57722224B3}.Release|Any CPU.ActiveCfg = Release|Any CPU
		{E38A82EF-D2F5-49A7-8841-4C57722224B3}.Release|Any CPU.Build.0 = Release|Any CPU
		{7A14BF89-74E9-4D6E-8B39-A4B328E681B5}.Debug|Any CPU.ActiveCfg = Debug|Any CPU
		{7A14BF89-74E9-4D6E-8B39-A4B328E681B5}.Debug|Any CPU.Build.0 = Debug|Any CPU
		{7A14BF89-74E9-4D6E-8B39-A4B328E681B5}.Release|Any CPU.ActiveCfg = Release|Any CPU
		{7A14BF89-74E9-4D6E-8B39-A4B328E681B5}.Release|Any CPU.Build.0 = Release|Any CPU
		{66BC7A3F-A5E7-4A87-91FB-18F6389D00B2}.Debug|Any CPU.ActiveCfg = Debug|Any CPU
		{66BC7A3F-A5E7-4A87-91FB-18F6389D00B2}.Debug|Any CPU.Build.0 = Debug|Any CPU
		{66BC7A3F-A5E7-4A87-91FB-18F6389D00B2}.Release|Any CPU.ActiveCfg = Release|Any CPU
		{66BC7A3F-A5E7-4A87-91FB-18F6389D00B2}.Release|Any CPU.Build.0 = Release|Any CPU
		{D83FE45E-133B-4739-B05D-90AE6DEEEB2E}.Debug|Any CPU.ActiveCfg = Debug|Any CPU
		{D83FE45E-133B-4739-B05D-90AE6DEEEB2E}.Debug|Any CPU.Build.0 = Debug|Any CPU
		{D83FE45E-133B-4739-B05D-90AE6DEEEB2E}.Release|Any CPU.ActiveCfg = Release|Any CPU
		{D83FE45E-133B-4739-B05D-90AE6DEEEB2E}.Release|Any CPU.Build.0 = Release|Any CPU
		{69F5131F-365F-4922-862F-F981C6875239}.Debug|Any CPU.ActiveCfg = Debug|Any CPU
		{69F5131F-365F-4922-862F-F981C6875239}.Debug|Any CPU.Build.0 = Debug|Any CPU
		{69F5131F-365F-4922-862F-F981C6875239}.Release|Any CPU.ActiveCfg = Release|Any CPU
		{69F5131F-365F-4922-862F-F981C6875239}.Release|Any CPU.Build.0 = Release|Any CPU
		{14DDA275-6104-4742-A9C0-F07C7E2A7260}.Debug|Any CPU.ActiveCfg = Debug|Any CPU
		{14DDA275-6104-4742-A9C0-F07C7E2A7260}.Debug|Any CPU.Build.0 = Debug|Any CPU
		{14DDA275-6104-4742-A9C0-F07C7E2A7260}.Release|Any CPU.ActiveCfg = Release|Any CPU
		{14DDA275-6104-4742-A9C0-F07C7E2A7260}.Release|Any CPU.Build.0 = Release|Any CPU
		{2620BD14-D898-4110-8A86-88F06B756991}.Debug|Any CPU.ActiveCfg = Debug|Any CPU
		{2620BD14-D898-4110-8A86-88F06B756991}.Debug|Any CPU.Build.0 = Debug|Any CPU
		{2620BD14-D898-4110-8A86-88F06B756991}.Release|Any CPU.ActiveCfg = Release|Any CPU
		{2620BD14-D898-4110-8A86-88F06B756991}.Release|Any CPU.Build.0 = Release|Any CPU
		{0B3384DA-4481-4A84-8AED-CD3E7687AF51}.Debug|Any CPU.ActiveCfg = Debug|Any CPU
		{0B3384DA-4481-4A84-8AED-CD3E7687AF51}.Debug|Any CPU.Build.0 = Debug|Any CPU
		{0B3384DA-4481-4A84-8AED-CD3E7687AF51}.Release|Any CPU.ActiveCfg = Release|Any CPU
		{0B3384DA-4481-4A84-8AED-CD3E7687AF51}.Release|Any CPU.Build.0 = Release|Any CPU
		{C6F8AE6A-5F4D-4D92-8AC2-E7BF662BBF16}.Debug|Any CPU.ActiveCfg = Debug|Any CPU
		{C6F8AE6A-5F4D-4D92-8AC2-E7BF662BBF16}.Debug|Any CPU.Build.0 = Debug|Any CPU
		{C6F8AE6A-5F4D-4D92-8AC2-E7BF662BBF16}.Release|Any CPU.ActiveCfg = Release|Any CPU
		{C6F8AE6A-5F4D-4D92-8AC2-E7BF662BBF16}.Release|Any CPU.Build.0 = Release|Any CPU
		{907C923B-0088-40F7-B4C2-6671CCFED10D}.Debug|Any CPU.ActiveCfg = Debug|Any CPU
		{907C923B-0088-40F7-B4C2-6671CCFED10D}.Debug|Any CPU.Build.0 = Debug|Any CPU
		{907C923B-0088-40F7-B4C2-6671CCFED10D}.Release|Any CPU.ActiveCfg = Release|Any CPU
		{907C923B-0088-40F7-B4C2-6671CCFED10D}.Release|Any CPU.Build.0 = Release|Any CPU
		{C0C9D0F6-05C0-4C7A-BE77-5DAFA3F56165}.Debug|Any CPU.ActiveCfg = Debug|Any CPU
		{C0C9D0F6-05C0-4C7A-BE77-5DAFA3F56165}.Debug|Any CPU.Build.0 = Debug|Any CPU
		{C0C9D0F6-05C0-4C7A-BE77-5DAFA3F56165}.Release|Any CPU.ActiveCfg = Release|Any CPU
		{C0C9D0F6-05C0-4C7A-BE77-5DAFA3F56165}.Release|Any CPU.Build.0 = Release|Any CPU
	EndGlobalSection
	GlobalSection(SolutionProperties) = preSolution
		HideSolutionNode = FALSE
	EndGlobalSection
	GlobalSection(NestedProjects) = preSolution
		{E38A82EF-D2F5-49A7-8841-4C57722224B3} = {20F1C3DF-1308-482C-A232-37593FC30519}
		{7A14BF89-74E9-4D6E-8B39-A4B328E681B5} = {752599DB-4617-41BE-9730-0F5A46749A27}
		{66BC7A3F-A5E7-4A87-91FB-18F6389D00B2} = {20F1C3DF-1308-482C-A232-37593FC30519}
		{D83FE45E-133B-4739-B05D-90AE6DEEEB2E} = {20F1C3DF-1308-482C-A232-37593FC30519}
		{69F5131F-365F-4922-862F-F981C6875239} = {20F1C3DF-1308-482C-A232-37593FC30519}
		{14DDA275-6104-4742-A9C0-F07C7E2A7260} = {752599DB-4617-41BE-9730-0F5A46749A27}
		{2620BD14-D898-4110-8A86-88F06B756991} = {A2AFA5BE-152C-41F3-9142-23599E55950C}
		{0B3384DA-4481-4A84-8AED-CD3E7687AF51} = {A2AFA5BE-152C-41F3-9142-23599E55950C}
		{C6F8AE6A-5F4D-4D92-8AC2-E7BF662BBF16} = {D39A3D7D-EB6D-42B9-822F-BBD6504B6668}
		{907C923B-0088-40F7-B4C2-6671CCFED10D} = {D39A3D7D-EB6D-42B9-822F-BBD6504B6668}
	EndGlobalSection
	GlobalSection(ExtensibilityGlobals) = postSolution
		SolutionGuid = {93FC8089-8B9C-4C62-A060-E39835B1D29C}
	EndGlobalSection
EndGlobal
